// !$*UTF8*$!
{
	archiveVersion = 1;
	classes = {
	};
	objectVersion = 52;
	objects = {

/* Begin PBXBuildFile section */
		E686C9D725F1FF9800801B87 /* SimpleYouTubeTestApp.swift in Sources */ = {isa = PBXBuildFile; fileRef = E686C9D625F1FF9800801B87 /* SimpleYouTubeTestApp.swift */; };
		E686C9D925F1FF9800801B87 /* ContentView.swift in Sources */ = {isa = PBXBuildFile; fileRef = E686C9D825F1FF9800801B87 /* ContentView.swift */; };
		E686C9DB25F1FF9900801B87 /* Assets.xcassets in Resources */ = {isa = PBXBuildFile; fileRef = E686C9DA25F1FF9900801B87 /* Assets.xcassets */; };
		E686C9DE25F1FF9900801B87 /* Preview Assets.xcassets in Resources */ = {isa = PBXBuildFile; fileRef = E686C9DD25F1FF9900801B87 /* Preview Assets.xcassets */; };
		E686C9E925F1FF9900801B87 /* SimpleYouTubeTestTests.swift in Sources */ = {isa = PBXBuildFile; fileRef = E686C9E825F1FF9900801B87 /* SimpleYouTubeTestTests.swift */; };
		E686C9F425F1FF9900801B87 /* SimpleYouTubeTestUITests.swift in Sources */ = {isa = PBXBuildFile; fileRef = E686C9F325F1FF9900801B87 /* SimpleYouTubeTestUITests.swift */; };
		E686CA0625F2005700801B87 /* YouTubePlayer in Frameworks */ = {isa = PBXBuildFile; productRef = E686CA0525F2005700801B87 /* YouTubePlayer */; };
		E686CA0B25F200E600801B87 /* YoutubeControlState.swift in Sources */ = {isa = PBXBuildFile; fileRef = E686CA0A25F200E600801B87 /* YoutubeControlState.swift */; };
		E686CA1025F200EF00801B87 /* YoutubePlayer.swift in Sources */ = {isa = PBXBuildFile; fileRef = E686CA0F25F200EF00801B87 /* YoutubePlayer.swift */; };
		E686CA1625F2012300801B87 /* SwiftUIX in Frameworks */ = {isa = PBXBuildFile; productRef = E686CA1525F2012300801B87 /* SwiftUIX */; };
/* End PBXBuildFile section */

/* Begin PBXContainerItemProxy section */
		E686C9E525F1FF9900801B87 /* PBXContainerItemProxy */ = {
			isa = PBXContainerItemProxy;
			containerPortal = E686C9CB25F1FF9800801B87 /* Project object */;
			proxyType = 1;
			remoteGlobalIDString = E686C9D225F1FF9800801B87;
			remoteInfo = SimpleYouTubeTest;
		};
		E686C9F025F1FF9900801B87 /* PBXContainerItemProxy */ = {
			isa = PBXContainerItemProxy;
			containerPortal = E686C9CB25F1FF9800801B87 /* Project object */;
			proxyType = 1;
			remoteGlobalIDString = E686C9D225F1FF9800801B87;
			remoteInfo = SimpleYouTubeTest;
		};
/* End PBXContainerItemProxy section */

/* Begin PBXFileReference section */
		E686C9D325F1FF9800801B87 /* SimpleYouTubeTest.app */ = {isa = PBXFileReference; explicitFileType = wrapper.application; includeInIndex = 0; path = SimpleYouTubeTest.app; sourceTree = BUILT_PRODUCTS_DIR; };
		E686C9D625F1FF9800801B87 /* SimpleYouTubeTestApp.swift */ = {isa = PBXFileReference; lastKnownFileType = sourcecode.swift; path = SimpleYouTubeTestApp.swift; sourceTree = "<group>"; };
		E686C9D825F1FF9800801B87 /* ContentView.swift */ = {isa = PBXFileReference; lastKnownFileType = sourcecode.swift; path = ContentView.swift; sourceTree = "<group>"; };
		E686C9DA25F1FF9900801B87 /* Assets.xcassets */ = {isa = PBXFileReference; lastKnownFileType = folder.assetcatalog; path = Assets.xcassets; sourceTree = "<group>"; };
		E686C9DD25F1FF9900801B87 /* Preview Assets.xcassets */ = {isa = PBXFileReference; lastKnownFileType = folder.assetcatalog; path = "Preview Assets.xcassets"; sourceTree = "<group>"; };
		E686C9DF25F1FF9900801B87 /* Info.plist */ = {isa = PBXFileReference; lastKnownFileType = text.plist.xml; path = Info.plist; sourceTree = "<group>"; };
		E686C9E425F1FF9900801B87 /* SimpleYouTubeTestTests.xctest */ = {isa = PBXFileReference; explicitFileType = wrapper.cfbundle; includeInIndex = 0; path = SimpleYouTubeTestTests.xctest; sourceTree = BUILT_PRODUCTS_DIR; };
		E686C9E825F1FF9900801B87 /* SimpleYouTubeTestTests.swift */ = {isa = PBXFileReference; lastKnownFileType = sourcecode.swift; path = SimpleYouTubeTestTests.swift; sourceTree = "<group>"; };
		E686C9EA25F1FF9900801B87 /* Info.plist */ = {isa = PBXFileReference; lastKnownFileType = text.plist.xml; path = Info.plist; sourceTree = "<group>"; };
		E686C9EF25F1FF9900801B87 /* SimpleYouTubeTestUITests.xctest */ = {isa = PBXFileReference; explicitFileType = wrapper.cfbundle; includeInIndex = 0; path = SimpleYouTubeTestUITests.xctest; sourceTree = BUILT_PRODUCTS_DIR; };
		E686C9F325F1FF9900801B87 /* SimpleYouTubeTestUITests.swift */ = {isa = PBXFileReference; lastKnownFileType = sourcecode.swift; path = SimpleYouTubeTestUITests.swift; sourceTree = "<group>"; };
		E686C9F525F1FF9900801B87 /* Info.plist */ = {isa = PBXFileReference; lastKnownFileType = text.plist.xml; path = Info.plist; sourceTree = "<group>"; };
		E686CA0A25F200E600801B87 /* YoutubeControlState.swift */ = {isa = PBXFileReference; fileEncoding = 4; lastKnownFileType = sourcecode.swift; path = YoutubeControlState.swift; sourceTree = "<group>"; };
		E686CA0F25F200EF00801B87 /* YoutubePlayer.swift */ = {isa = PBXFileReference; fileEncoding = 4; lastKnownFileType = sourcecode.swift; path = YoutubePlayer.swift; sourceTree = "<group>"; };
/* End PBXFileReference section */

/* Begin PBXFrameworksBuildPhase section */
		E686C9D025F1FF9800801B87 /* Frameworks */ = {
			isa = PBXFrameworksBuildPhase;
			buildActionMask = 2147483647;
			files = (
				E686CA0625F2005700801B87 /* YouTubePlayer in Frameworks */,
				E686CA1625F2012300801B87 /* SwiftUIX in Frameworks */,
			);
			runOnlyForDeploymentPostprocessing = 0;
		};
		E686C9E125F1FF9900801B87 /* Frameworks */ = {
			isa = PBXFrameworksBuildPhase;
			buildActionMask = 2147483647;
			files = (
			);
			runOnlyForDeploymentPostprocessing = 0;
		};
		E686C9EC25F1FF9900801B87 /* Frameworks */ = {
			isa = PBXFrameworksBuildPhase;
			buildActionMask = 2147483647;
			files = (
			);
			runOnlyForDeploymentPostprocessing = 0;
		};
/* End PBXFrameworksBuildPhase section */

/* Begin PBXGroup section */
		E686C9CA25F1FF9800801B87 = {
			isa = PBXGroup;
			children = (
				E686C9D525F1FF9800801B87 /* SimpleYouTubeTest */,
				E686C9E725F1FF9900801B87 /* SimpleYouTubeTestTests */,
				E686C9F225F1FF9900801B87 /* SimpleYouTubeTestUITests */,
				E686C9D425F1FF9800801B87 /* Products */,
			);
			sourceTree = "<group>";
		};
		E686C9D425F1FF9800801B87 /* Products */ = {
			isa = PBXGroup;
			children = (
				E686C9D325F1FF9800801B87 /* SimpleYouTubeTest.app */,
				E686C9E425F1FF9900801B87 /* SimpleYouTubeTestTests.xctest */,
				E686C9EF25F1FF9900801B87 /* SimpleYouTubeTestUITests.xctest */,
			);
			name = Products;
			sourceTree = "<group>";
		};
		E686C9D525F1FF9800801B87 /* SimpleYouTubeTest */ = {
			isa = PBXGroup;
			children = (
				E686CA0F25F200EF00801B87 /* YoutubePlayer.swift */,
				E686CA0A25F200E600801B87 /* YoutubeControlState.swift */,
				E686C9D625F1FF9800801B87 /* SimpleYouTubeTestApp.swift */,
				E686C9D825F1FF9800801B87 /* ContentView.swift */,
				E686C9DA25F1FF9900801B87 /* Assets.xcassets */,
				E686C9DF25F1FF9900801B87 /* Info.plist */,
				E686C9DC25F1FF9900801B87 /* Preview Content */,
			);
			path = SimpleYouTubeTest;
			sourceTree = "<group>";
		};
		E686C9DC25F1FF9900801B87 /* Preview Content */ = {
			isa = PBXGroup;
			children = (
				E686C9DD25F1FF9900801B87 /* Preview Assets.xcassets */,
			);
			path = "Preview Content";
			sourceTree = "<group>";
		};
		E686C9E725F1FF9900801B87 /* SimpleYouTubeTestTests */ = {
			isa = PBXGroup;
			children = (
				E686C9E825F1FF9900801B87 /* SimpleYouTubeTestTests.swift */,
				E686C9EA25F1FF9900801B87 /* Info.plist */,
			);
			path = SimpleYouTubeTestTests;
			sourceTree = "<group>";
		};
		E686C9F225F1FF9900801B87 /* SimpleYouTubeTestUITests */ = {
			isa = PBXGroup;
			children = (
				E686C9F325F1FF9900801B87 /* SimpleYouTubeTestUITests.swift */,
				E686C9F525F1FF9900801B87 /* Info.plist */,
			);
			path = SimpleYouTubeTestUITests;
			sourceTree = "<group>";
		};
/* End PBXGroup section */

/* Begin PBXNativeTarget section */
		E686C9D225F1FF9800801B87 /* SimpleYouTubeTest */ = {
			isa = PBXNativeTarget;
			buildConfigurationList = E686C9F825F1FF9900801B87 /* Build configuration list for PBXNativeTarget "SimpleYouTubeTest" */;
			buildPhases = (
				E686C9CF25F1FF9800801B87 /* Sources */,
				E686C9D025F1FF9800801B87 /* Frameworks */,
				E686C9D125F1FF9800801B87 /* Resources */,
			);
			buildRules = (
			);
			dependencies = (
			);
			name = SimpleYouTubeTest;
			packageProductDependencies = (
				E686CA0525F2005700801B87 /* YouTubePlayer */,
				E686CA1525F2012300801B87 /* SwiftUIX */,
			);
			productName = SimpleYouTubeTest;
			productReference = E686C9D325F1FF9800801B87 /* SimpleYouTubeTest.app */;
			productType = "com.apple.product-type.application";
		};
		E686C9E325F1FF9900801B87 /* SimpleYouTubeTestTests */ = {
			isa = PBXNativeTarget;
			buildConfigurationList = E686C9FB25F1FF9900801B87 /* Build configuration list for PBXNativeTarget "SimpleYouTubeTestTests" */;
			buildPhases = (
				E686C9E025F1FF9900801B87 /* Sources */,
				E686C9E125F1FF9900801B87 /* Frameworks */,
				E686C9E225F1FF9900801B87 /* Resources */,
			);
			buildRules = (
			);
			dependencies = (
				E686C9E625F1FF9900801B87 /* PBXTargetDependency */,
			);
			name = SimpleYouTubeTestTests;
			productName = SimpleYouTubeTestTests;
			productReference = E686C9E425F1FF9900801B87 /* SimpleYouTubeTestTests.xctest */;
			productType = "com.apple.product-type.bundle.unit-test";
		};
		E686C9EE25F1FF9900801B87 /* SimpleYouTubeTestUITests */ = {
			isa = PBXNativeTarget;
			buildConfigurationList = E686C9FE25F1FF9900801B87 /* Build configuration list for PBXNativeTarget "SimpleYouTubeTestUITests" */;
			buildPhases = (
				E686C9EB25F1FF9900801B87 /* Sources */,
				E686C9EC25F1FF9900801B87 /* Frameworks */,
				E686C9ED25F1FF9900801B87 /* Resources */,
			);
			buildRules = (
			);
			dependencies = (
				E686C9F125F1FF9900801B87 /* PBXTargetDependency */,
			);
			name = SimpleYouTubeTestUITests;
			productName = SimpleYouTubeTestUITests;
			productReference = E686C9EF25F1FF9900801B87 /* SimpleYouTubeTestUITests.xctest */;
			productType = "com.apple.product-type.bundle.ui-testing";
		};
/* End PBXNativeTarget section */

/* Begin PBXProject section */
		E686C9CB25F1FF9800801B87 /* Project object */ = {
			isa = PBXProject;
			attributes = {
				LastSwiftUpdateCheck = 1240;
				LastUpgradeCheck = 1240;
				TargetAttributes = {
					E686C9D225F1FF9800801B87 = {
						CreatedOnToolsVersion = 12.4;
					};
					E686C9E325F1FF9900801B87 = {
						CreatedOnToolsVersion = 12.4;
						TestTargetID = E686C9D225F1FF9800801B87;
					};
					E686C9EE25F1FF9900801B87 = {
						CreatedOnToolsVersion = 12.4;
						TestTargetID = E686C9D225F1FF9800801B87;
					};
				};
			};
			buildConfigurationList = E686C9CE25F1FF9800801B87 /* Build configuration list for PBXProject "SimpleYouTubeTest" */;
			compatibilityVersion = "Xcode 9.3";
			developmentRegion = en;
			hasScannedForEncodings = 0;
			knownRegions = (
				en,
				Base,
			);
			mainGroup = E686C9CA25F1FF9800801B87;
			packageReferences = (
				E686CA0425F2005700801B87 /* XCRemoteSwiftPackageReference "Swift-YouTube-Player" */,
				E686CA1425F2012300801B87 /* XCRemoteSwiftPackageReference "SwiftUIX" */,
			);
			productRefGroup = E686C9D425F1FF9800801B87 /* Products */;
			projectDirPath = "";
			projectRoot = "";
			targets = (
				E686C9D225F1FF9800801B87 /* SimpleYouTubeTest */,
				E686C9E325F1FF9900801B87 /* SimpleYouTubeTestTests */,
				E686C9EE25F1FF9900801B87 /* SimpleYouTubeTestUITests */,
			);
		};
/* End PBXProject section */

/* Begin PBXResourcesBuildPhase section */
		E686C9D125F1FF9800801B87 /* Resources */ = {
			isa = PBXResourcesBuildPhase;
			buildActionMask = 2147483647;
			files = (
				E686C9DE25F1FF9900801B87 /* Preview Assets.xcassets in Resources */,
				E686C9DB25F1FF9900801B87 /* Assets.xcassets in Resources */,
			);
			runOnlyForDeploymentPostprocessing = 0;
		};
		E686C9E225F1FF9900801B87 /* Resources */ = {
			isa = PBXResourcesBuildPhase;
			buildActionMask = 2147483647;
			files = (
			);
			runOnlyForDeploymentPostprocessing = 0;
		};
		E686C9ED25F1FF9900801B87 /* Resources */ = {
			isa = PBXResourcesBuildPhase;
			buildActionMask = 2147483647;
			files = (
			);
			runOnlyForDeploymentPostprocessing = 0;
		};
/* End PBXResourcesBuildPhase section */

/* Begin PBXSourcesBuildPhase section */
		E686C9CF25F1FF9800801B87 /* Sources */ = {
			isa = PBXSourcesBuildPhase;
			buildActionMask = 2147483647;
			files = (
				E686C9D925F1FF9800801B87 /* ContentView.swift in Sources */,
				E686CA0B25F200E600801B87 /* YoutubeControlState.swift in Sources */,
				E686C9D725F1FF9800801B87 /* SimpleYouTubeTestApp.swift in Sources */,
				E686CA1025F200EF00801B87 /* YoutubePlayer.swift in Sources */,
			);
			runOnlyForDeploymentPostprocessing = 0;
		};
		E686C9E025F1FF9900801B87 /* Sources */ = {
			isa = PBXSourcesBuildPhase;
			buildActionMask = 2147483647;
			files = (
				E686C9E925F1FF9900801B87 /* SimpleYouTubeTestTests.swift in Sources */,
			);
			runOnlyForDeploymentPostprocessing = 0;
		};
		E686C9EB25F1FF9900801B87 /* Sources */ = {
			isa = PBXSourcesBuildPhase;
			buildActionMask = 2147483647;
			files = (
				E686C9F425F1FF9900801B87 /* SimpleYouTubeTestUITests.swift in Sources */,
			);
			runOnlyForDeploymentPostprocessing = 0;
		};
/* End PBXSourcesBuildPhase section */

/* Begin PBXTargetDependency section */
		E686C9E625F1FF9900801B87 /* PBXTargetDependency */ = {
			isa = PBXTargetDependency;
			target = E686C9D225F1FF9800801B87 /* SimpleYouTubeTest */;
			targetProxy = E686C9E525F1FF9900801B87 /* PBXContainerItemProxy */;
		};
		E686C9F125F1FF9900801B87 /* PBXTargetDependency */ = {
			isa = PBXTargetDependency;
			target = E686C9D225F1FF9800801B87 /* SimpleYouTubeTest */;
			targetProxy = E686C9F025F1FF9900801B87 /* PBXContainerItemProxy */;
		};
/* End PBXTargetDependency section */

/* Begin XCBuildConfiguration section */
		E686C9F625F1FF9900801B87 /* Debug */ = {
			isa = XCBuildConfiguration;
			buildSettings = {
				ALWAYS_SEARCH_USER_PATHS = NO;
				CLANG_ANALYZER_NONNULL = YES;
				CLANG_ANALYZER_NUMBER_OBJECT_CONVERSION = YES_AGGRESSIVE;
				CLANG_CXX_LANGUAGE_STANDARD = "gnu++14";
				CLANG_CXX_LIBRARY = "libc++";
				CLANG_ENABLE_MODULES = YES;
				CLANG_ENABLE_OBJC_ARC = YES;
				CLANG_ENABLE_OBJC_WEAK = YES;
				CLANG_WARN_BLOCK_CAPTURE_AUTORELEASING = YES;
				CLANG_WARN_BOOL_CONVERSION = YES;
				CLANG_WARN_COMMA = YES;
				CLANG_WARN_CONSTANT_CONVERSION = YES;
				CLANG_WARN_DEPRECATED_OBJC_IMPLEMENTATIONS = YES;
				CLANG_WARN_DIRECT_OBJC_ISA_USAGE = YES_ERROR;
				CLANG_WARN_DOCUMENTATION_COMMENTS = YES;
				CLANG_WARN_EMPTY_BODY = YES;
				CLANG_WARN_ENUM_CONVERSION = YES;
				CLANG_WARN_INFINITE_RECURSION = YES;
				CLANG_WARN_INT_CONVERSION = YES;
				CLANG_WARN_NON_LITERAL_NULL_CONVERSION = YES;
				CLANG_WARN_OBJC_IMPLICIT_RETAIN_SELF = YES;
				CLANG_WARN_OBJC_LITERAL_CONVERSION = YES;
				CLANG_WARN_OBJC_ROOT_CLASS = YES_ERROR;
				CLANG_WARN_QUOTED_INCLUDE_IN_FRAMEWORK_HEADER = YES;
				CLANG_WARN_RANGE_LOOP_ANALYSIS = YES;
				CLANG_WARN_STRICT_PROTOTYPES = YES;
				CLANG_WARN_SUSPICIOUS_MOVE = YES;
				CLANG_WARN_UNGUARDED_AVAILABILITY = YES_AGGRESSIVE;
				CLANG_WARN_UNREACHABLE_CODE = YES;
				CLANG_WARN__DUPLICATE_METHOD_MATCH = YES;
				COPY_PHASE_STRIP = NO;
				DEBUG_INFORMATION_FORMAT = dwarf;
				ENABLE_STRICT_OBJC_MSGSEND = YES;
				ENABLE_TESTABILITY = YES;
				GCC_C_LANGUAGE_STANDARD = gnu11;
				GCC_DYNAMIC_NO_PIC = NO;
				GCC_NO_COMMON_BLOCKS = YES;
				GCC_OPTIMIZATION_LEVEL = 0;
				GCC_PREPROCESSOR_DEFINITIONS = (
					"DEBUG=1",
					"$(inherited)",
				);
				GCC_WARN_64_TO_32_BIT_CONVERSION = YES;
				GCC_WARN_ABOUT_RETURN_TYPE = YES_ERROR;
				GCC_WARN_UNDECLARED_SELECTOR = YES;
				GCC_WARN_UNINITIALIZED_AUTOS = YES_AGGRESSIVE;
				GCC_WARN_UNUSED_FUNCTION = YES;
				GCC_WARN_UNUSED_VARIABLE = YES;
				IPHONEOS_DEPLOYMENT_TARGET = 14.4;
				MTL_ENABLE_DEBUG_INFO = INCLUDE_SOURCE;
				MTL_FAST_MATH = YES;
				ONLY_ACTIVE_ARCH = YES;
				SDKROOT = iphoneos;
				SWIFT_ACTIVE_COMPILATION_CONDITIONS = DEBUG;
				SWIFT_OPTIMIZATION_LEVEL = "-Onone";
			};
			name = Debug;
		};
		E686C9F725F1FF9900801B87 /* Release */ = {
			isa = XCBuildConfiguration;
			buildSettings = {
				ALWAYS_SEARCH_USER_PATHS = NO;
				CLANG_ANALYZER_NONNULL = YES;
				CLANG_ANALYZER_NUMBER_OBJECT_CONVERSION = YES_AGGRESSIVE;
				CLANG_CXX_LANGUAGE_STANDARD = "gnu++14";
				CLANG_CXX_LIBRARY = "libc++";
				CLANG_ENABLE_MODULES = YES;
				CLANG_ENABLE_OBJC_ARC = YES;
				CLANG_ENABLE_OBJC_WEAK = YES;
				CLANG_WARN_BLOCK_CAPTURE_AUTORELEASING = YES;
				CLANG_WARN_BOOL_CONVERSION = YES;
				CLANG_WARN_COMMA = YES;
				CLANG_WARN_CONSTANT_CONVERSION = YES;
				CLANG_WARN_DEPRECATED_OBJC_IMPLEMENTATIONS = YES;
				CLANG_WARN_DIRECT_OBJC_ISA_USAGE = YES_ERROR;
				CLANG_WARN_DOCUMENTATION_COMMENTS = YES;
				CLANG_WARN_EMPTY_BODY = YES;
				CLANG_WARN_ENUM_CONVERSION = YES;
				CLANG_WARN_INFINITE_RECURSION = YES;
				CLANG_WARN_INT_CONVERSION = YES;
				CLANG_WARN_NON_LITERAL_NULL_CONVERSION = YES;
				CLANG_WARN_OBJC_IMPLICIT_RETAIN_SELF = YES;
				CLANG_WARN_OBJC_LITERAL_CONVERSION = YES;
				CLANG_WARN_OBJC_ROOT_CLASS = YES_ERROR;
				CLANG_WARN_QUOTED_INCLUDE_IN_FRAMEWORK_HEADER = YES;
				CLANG_WARN_RANGE_LOOP_ANALYSIS = YES;
				CLANG_WARN_STRICT_PROTOTYPES = YES;
				CLANG_WARN_SUSPICIOUS_MOVE = YES;
				CLANG_WARN_UNGUARDED_AVAILABILITY = YES_AGGRESSIVE;
				CLANG_WARN_UNREACHABLE_CODE = YES;
				CLANG_WARN__DUPLICATE_METHOD_MATCH = YES;
				COPY_PHASE_STRIP = NO;
				DEBUG_INFORMATION_FORMAT = "dwarf-with-dsym";
				ENABLE_NS_ASSERTIONS = NO;
				ENABLE_STRICT_OBJC_MSGSEND = YES;
				GCC_C_LANGUAGE_STANDARD = gnu11;
				GCC_NO_COMMON_BLOCKS = YES;
				GCC_WARN_64_TO_32_BIT_CONVERSION = YES;
				GCC_WARN_ABOUT_RETURN_TYPE = YES_ERROR;
				GCC_WARN_UNDECLARED_SELECTOR = YES;
				GCC_WARN_UNINITIALIZED_AUTOS = YES_AGGRESSIVE;
				GCC_WARN_UNUSED_FUNCTION = YES;
				GCC_WARN_UNUSED_VARIABLE = YES;
				IPHONEOS_DEPLOYMENT_TARGET = 14.4;
				MTL_ENABLE_DEBUG_INFO = NO;
				MTL_FAST_MATH = YES;
				SDKROOT = iphoneos;
				SWIFT_COMPILATION_MODE = wholemodule;
				SWIFT_OPTIMIZATION_LEVEL = "-O";
				VALIDATE_PRODUCT = YES;
			};
			name = Release;
		};
		E686C9F925F1FF9900801B87 /* Debug */ = {
			isa = XCBuildConfiguration;
			buildSettings = {
				ASSETCATALOG_COMPILER_APPICON_NAME = AppIcon;
				ASSETCATALOG_COMPILER_GLOBAL_ACCENT_COLOR_NAME = AccentColor;
				CODE_SIGN_STYLE = Automatic;
				DEVELOPMENT_ASSET_PATHS = "\"SimpleYouTubeTest/Preview Content\"";
				DEVELOPMENT_TEAM = DY4XEQH83Q;
				ENABLE_PREVIEWS = YES;
				INFOPLIST_FILE = SimpleYouTubeTest/Info.plist;
				IPHONEOS_DEPLOYMENT_TARGET = 14.0;
				LD_RUNPATH_SEARCH_PATHS = (
					"$(inherited)",
					"@executable_path/Frameworks",
				);
				PRODUCT_BUNDLE_IDENTIFIER = com.cewecolor.myphotos.SimpleYouTubeTest;
				PRODUCT_NAME = "$(TARGET_NAME)";
				SWIFT_VERSION = 5.0;
				TARGETED_DEVICE_FAMILY = "1,2";
			};
			name = Debug;
		};
		E686C9FA25F1FF9900801B87 /* Release */ = {
			isa = XCBuildConfiguration;
			buildSettings = {
				ASSETCATALOG_COMPILER_APPICON_NAME = AppIcon;
				ASSETCATALOG_COMPILER_GLOBAL_ACCENT_COLOR_NAME = AccentColor;
				CODE_SIGN_STYLE = Automatic;
				DEVELOPMENT_ASSET_PATHS = "\"SimpleYouTubeTest/Preview Content\"";
				DEVELOPMENT_TEAM = DY4XEQH83Q;
				ENABLE_PREVIEWS = YES;
				INFOPLIST_FILE = SimpleYouTubeTest/Info.plist;
				IPHONEOS_DEPLOYMENT_TARGET = 14.0;
				LD_RUNPATH_SEARCH_PATHS = (
					"$(inherited)",
					"@executable_path/Frameworks",
				);
				PRODUCT_BUNDLE_IDENTIFIER = com.cewecolor.myphotos.SimpleYouTubeTest;
				PRODUCT_NAME = "$(TARGET_NAME)";
				SWIFT_VERSION = 5.0;
				TARGETED_DEVICE_FAMILY = "1,2";
			};
			name = Release;
		};
		E686C9FC25F1FF9900801B87 /* Debug */ = {
			isa = XCBuildConfiguration;
			buildSettings = {
				ALWAYS_EMBED_SWIFT_STANDARD_LIBRARIES = YES;
				BUNDLE_LOADER = "$(TEST_HOST)";
				CODE_SIGN_STYLE = Automatic;
				DEVELOPMENT_TEAM = DY4XEQH83Q;
				INFOPLIST_FILE = SimpleYouTubeTestTests/Info.plist;
				IPHONEOS_DEPLOYMENT_TARGET = 14.0;
				LD_RUNPATH_SEARCH_PATHS = (
					"$(inherited)",
					"@executable_path/Frameworks",
					"@loader_path/Frameworks",
				);
				PRODUCT_BUNDLE_IDENTIFIER = com.cewecolor.myphotos.SimpleYouTubeTestTests;
				PRODUCT_NAME = "$(TARGET_NAME)";
				SWIFT_VERSION = 5.0;
				TARGETED_DEVICE_FAMILY = "1,2";
				TEST_HOST = "$(BUILT_PRODUCTS_DIR)/SimpleYouTubeTest.app/SimpleYouTubeTest";
			};
			name = Debug;
		};
		E686C9FD25F1FF9900801B87 /* Release */ = {
			isa = XCBuildConfiguration;
			buildSettings = {
				ALWAYS_EMBED_SWIFT_STANDARD_LIBRARIES = YES;
				BUNDLE_LOADER = "$(TEST_HOST)";
				CODE_SIGN_STYLE = Automatic;
				DEVELOPMENT_TEAM = DY4XEQH83Q;
				INFOPLIST_FILE = SimpleYouTubeTestTests/Info.plist;
				IPHONEOS_DEPLOYMENT_TARGET = 14.0;
				LD_RUNPATH_SEARCH_PATHS = (
					"$(inherited)",
					"@executable_path/Frameworks",
					"@loader_path/Frameworks",
				);
				PRODUCT_BUNDLE_IDENTIFIER = com.cewecolor.myphotos.SimpleYouTubeTestTests;
				PRODUCT_NAME = "$(TARGET_NAME)";
				SWIFT_VERSION = 5.0;
				TARGETED_DEVICE_FAMILY = "1,2";
				TEST_HOST = "$(BUILT_PRODUCTS_DIR)/SimpleYouTubeTest.app/SimpleYouTubeTest";
			};
			name = Release;
		};
		E686C9FF25F1FF9900801B87 /* Debug */ = {
			isa = XCBuildConfiguration;
			buildSettings = {
				ALWAYS_EMBED_SWIFT_STANDARD_LIBRARIES = YES;
				CODE_SIGN_STYLE = Automatic;
				DEVELOPMENT_TEAM = DY4XEQH83Q;
				INFOPLIST_FILE = SimpleYouTubeTestUITests/Info.plist;
				LD_RUNPATH_SEARCH_PATHS = (
					"$(inherited)",
					"@executable_path/Frameworks",
					"@loader_path/Frameworks",
				);
				PRODUCT_BUNDLE_IDENTIFIER = com.cewecolor.myphotos.SimpleYouTubeTestUITests;
				PRODUCT_NAME = "$(TARGET_NAME)";
				SWIFT_VERSION = 5.0;
				TARGETED_DEVICE_FAMILY = "1,2";
				TEST_TARGET_NAME = SimpleYouTubeTest;
			};
			name = Debug;
		};
		E686CA0025F1FF9900801B87 /* Release */ = {
			isa = XCBuildConfiguration;
			buildSettings = {
				ALWAYS_EMBED_SWIFT_STANDARD_LIBRARIES = YES;
				CODE_SIGN_STYLE = Automatic;
				DEVELOPMENT_TEAM = DY4XEQH83Q;
				INFOPLIST_FILE = SimpleYouTubeTestUITests/Info.plist;
				LD_RUNPATH_SEARCH_PATHS = (
					"$(inherited)",
					"@executable_path/Frameworks",
					"@loader_path/Frameworks",
				);
				PRODUCT_BUNDLE_IDENTIFIER = com.cewecolor.myphotos.SimpleYouTubeTestUITests;
				PRODUCT_NAME = "$(TARGET_NAME)";
				SWIFT_VERSION = 5.0;
				TARGETED_DEVICE_FAMILY = "1,2";
				TEST_TARGET_NAME = SimpleYouTubeTest;
			};
			name = Release;
		};
/* End XCBuildConfiguration section */

/* Begin XCConfigurationList section */
		E686C9CE25F1FF9800801B87 /* Build configuration list for PBXProject "SimpleYouTubeTest" */ = {
			isa = XCConfigurationList;
			buildConfigurations = (
				E686C9F625F1FF9900801B87 /* Debug */,
				E686C9F725F1FF9900801B87 /* Release */,
			);
			defaultConfigurationIsVisible = 0;
			defaultConfigurationName = Release;
		};
		E686C9F825F1FF9900801B87 /* Build configuration list for PBXNativeTarget "SimpleYouTubeTest" */ = {
			isa = XCConfigurationList;
			buildConfigurations = (
				E686C9F925F1FF9900801B87 /* Debug */,
				E686C9FA25F1FF9900801B87 /* Release */,
			);
			defaultConfigurationIsVisible = 0;
			defaultConfigurationName = Release;
		};
		E686C9FB25F1FF9900801B87 /* Build configuration list for PBXNativeTarget "SimpleYouTubeTestTests" */ = {
			isa = XCConfigurationList;
			buildConfigurations = (
				E686C9FC25F1FF9900801B87 /* Debug */,
				E686C9FD25F1FF9900801B87 /* Release */,
			);
			defaultConfigurationIsVisible = 0;
			defaultConfigurationName = Release;
		};
		E686C9FE25F1FF9900801B87 /* Build configuration list for PBXNativeTarget "SimpleYouTubeTestUITests" */ = {
			isa = XCConfigurationList;
			buildConfigurations = (
				E686C9FF25F1FF9900801B87 /* Debug */,
				E686CA0025F1FF9900801B87 /* Release */,
			);
			defaultConfigurationIsVisible = 0;
			defaultConfigurationName = Release;
		};
/* End XCConfigurationList section */

/* Begin XCRemoteSwiftPackageReference section */
		E686CA0425F2005700801B87 /* XCRemoteSwiftPackageReference "Swift-YouTube-Player" */ = {
			isa = XCRemoteSwiftPackageReference;
			repositoryURL = "https://github.com/worldiety/Swift-YouTube-Player.git";
			requirement = {
				branch = master;
				kind = branch;
			};
		};
		E686CA1425F2012300801B87 /* XCRemoteSwiftPackageReference "SwiftUIX" */ = {
			isa = XCRemoteSwiftPackageReference;
			repositoryURL = "https://github.com/SwiftUIX/SwiftUIX";
			requirement = {
				branch = master;
				kind = branch;
			};
		};
/* End XCRemoteSwiftPackageReference section */

/* Begin XCSwiftPackageProductDependency section */
		E686CA0525F2005700801B87 /* YouTubePlayer */ = {
			isa = XCSwiftPackageProductDependency;
			package = E686CA0425F2005700801B87 /* XCRemoteSwiftPackageReference "Swift-YouTube-Player" */;
			productName = YouTubePlayer;
		};
		E686CA1525F2012300801B87 /* SwiftUIX */ = {
			isa = XCSwiftPackageProductDependency;
			package = E686CA1425F2012300801B87 /* XCRemoteSwiftPackageReference "SwiftUIX" */;
			productName = SwiftUIX;
		};
/* End XCSwiftPackageProductDependency section */
	};
	rootObject = E686C9CB25F1FF9800801B87 /* Project object */;
}
